
Microsoft Visual Studio Solution File, Format Version 12.00
# Visual Studio 15
VisualStudioVersion = 15.0.27703.2035
MinimumVisualStudioVersion = 10.0.40219.1
Project("{FAE04EC0-301F-11D3-BF4B-00C04F79EFBC}") = "MadLibsGUI", "MadLibsGUI\MadLibsGUI.csproj", "{E6F0EE6A-AA73-45FF-A32D-36FBD0C5433B}"
EndProject
Global
	GlobalSection(SolutionConfigurationPlatforms) = preSolution
		Debug|Any CPU = Debug|Any CPU
		Release|Any CPU = Release|Any CPU
	EndGlobalSection
	GlobalSection(ProjectConfigurationPlatforms) = postSolution
		{E6F0EE6A-AA73-45FF-A32D-36FBD0C5433B}.Debug|Any CPU.ActiveCfg = Debug|Any CPU
		{E6F0EE6A-AA73-45FF-A32D-36FBD0C5433B}.Debug|Any CPU.Build.0 = Debug|Any CPU
		{E6F0EE6A-AA73-45FF-A32D-36FBD0C5433B}.Release|Any CPU.ActiveCfg = Release|Any CPU
		{E6F0EE6A-AA73-45FF-A32D-36FBD0C5433B}.Release|Any CPU.Build.0 = Release|Any CPU
	EndGlobalSection
	GlobalSection(SolutionProperties) = preSolution
		HideSolutionNode = FALSE
	EndGlobalSection
	GlobalSection(ExtensibilityGlobals) = postSolution
		SolutionGuid = {F1860BE5-1705-426B-A0FD-2206A33A1615}
	EndGlobalSection
EndGlobal
